
Microsoft Visual Studio Solution File, Format Version 12.00
# Visual Studio 15
VisualStudioVersion = 15.0.26730.15
MinimumVisualStudioVersion = 10.0.40219.1
Project("{FAE04EC0-301F-11D3-BF4B-00C04F79EFBC}") = "console_core", "console_core\console_core.csproj", "{4178627D-382C-45C9-A6A0-23768D3BAD8F}"
EndProject
Project("{FAE04EC0-301F-11D3-BF4B-00C04F79EFBC}") = "console_framework", "console_framework\console_framework.csproj", "{87E5F3B9-3477-47AD-B7F5-B85ED22F0E05}"
EndProject
Project("{FAE04EC0-301F-11D3-BF4B-00C04F79EFBC}") = "ef_sqlite3", "ef_sqlite3\ef_sqlite3.csproj", "{3F536693-524D-4679-B73E-6038CDD4C6F6}"
EndProject
Global
	GlobalSection(SolutionConfigurationPlatforms) = preSolution
		Debug|Any CPU = Debug|Any CPU
		Release|Any CPU = Release|Any CPU
	EndGlobalSection
	GlobalSection(ProjectConfigurationPlatforms) = postSolution
		{4178627D-382C-45C9-A6A0-23768D3BAD8F}.Debug|Any CPU.ActiveCfg = Debug|Any CPU
		{4178627D-382C-45C9-A6A0-23768D3BAD8F}.Debug|Any CPU.Build.0 = Debug|Any CPU
		{4178627D-382C-45C9-A6A0-23768D3BAD8F}.Release|Any CPU.ActiveCfg = Release|Any CPU
		{4178627D-382C-45C9-A6A0-23768D3BAD8F}.Release|Any CPU.Build.0 = Release|Any CPU
		{87E5F3B9-3477-47AD-B7F5-B85ED22F0E05}.Debug|Any CPU.ActiveCfg = Debug|Any CPU
		{87E5F3B9-3477-47AD-B7F5-B85ED22F0E05}.Debug|Any CPU.Build.0 = Debug|Any CPU
		{87E5F3B9-3477-47AD-B7F5-B85ED22F0E05}.Release|Any CPU.ActiveCfg = Release|Any CPU
		{87E5F3B9-3477-47AD-B7F5-B85ED22F0E05}.Release|Any CPU.Build.0 = Release|Any CPU
		{3F536693-524D-4679-B73E-6038CDD4C6F6}.Debug|Any CPU.ActiveCfg = Debug|Any CPU
		{3F536693-524D-4679-B73E-6038CDD4C6F6}.Debug|Any CPU.Build.0 = Debug|Any CPU
		{3F536693-524D-4679-B73E-6038CDD4C6F6}.Release|Any CPU.ActiveCfg = Release|Any CPU
		{3F536693-524D-4679-B73E-6038CDD4C6F6}.Release|Any CPU.Build.0 = Release|Any CPU
	EndGlobalSection
	GlobalSection(SolutionProperties) = preSolution
		HideSolutionNode = FALSE
	EndGlobalSection
	GlobalSection(ExtensibilityGlobals) = postSolution
		SolutionGuid = {D5C9B88A-9AFB-49F6-84F7-5FBB7F0D6B9E}
	EndGlobalSection
EndGlobal
